// !$*UTF8*$!
{
	archiveVersion = 1;
	classes = {
	};
	objectVersion = 46;
	objects = {

/* Begin PBXBuildFile section */
		65BBE7311C3E466B006D7591 /* main.m in Sources */ = {isa = PBXBuildFile; fileRef = 65BBE7301C3E466B006D7591 /* main.m */; };
		65BBE7341C3E466B006D7591 /* AppDelegate.m in Sources */ = {isa = PBXBuildFile; fileRef = 65BBE7331C3E466B006D7591 /* AppDelegate.m */; };
		65BBE7371C3E466B006D7591 /* ViewController.m in Sources */ = {isa = PBXBuildFile; fileRef = 65BBE7361C3E466B006D7591 /* ViewController.m */; };
		65BBE73A1C3E466B006D7591 /* Main.storyboard in Resources */ = {isa = PBXBuildFile; fileRef = 65BBE7381C3E466B006D7591 /* Main.storyboard */; };
		65BBE73C1C3E466B006D7591 /* Assets.xcassets in Resources */ = {isa = PBXBuildFile; fileRef = 65BBE73B1C3E466B006D7591 /* Assets.xcassets */; };
		65BBE73F1C3E466B006D7591 /* LaunchScreen.storyboard in Resources */ = {isa = PBXBuildFile; fileRef = 65BBE73D1C3E466B006D7591 /* LaunchScreen.storyboard */; };
		65BBE74A1C3E466B006D7591 /* WaveTests.m in Sources */ = {isa = PBXBuildFile; fileRef = 65BBE7491C3E466B006D7591 /* WaveTests.m */; };
		65BBE7551C3E466B006D7591 /* WaveUITests.m in Sources */ = {isa = PBXBuildFile; fileRef = 65BBE7541C3E466B006D7591 /* WaveUITests.m */; };
		65BBE7641C3E46CE006D7591 /* YSWaterWaveView.m in Sources */ = {isa = PBXBuildFile; fileRef = 65BBE7631C3E46CE006D7591 /* YSWaterWaveView.m */; };
/* End PBXBuildFile section */

/* Begin PBXContainerItemProxy section */
		65BBE7461C3E466B006D7591 /* PBXContainerItemProxy */ = {
			isa = PBXContainerItemProxy;
			containerPortal = 65BBE7241C3E466A006D7591 /* Project object */;
			proxyType = 1;
			remoteGlobalIDString = 65BBE72B1C3E466B006D7591;
			remoteInfo = Wave;
		};
		65BBE7511C3E466B006D7591 /* PBXContainerItemProxy */ = {
			isa = PBXContainerItemProxy;
			containerPortal = 65BBE7241C3E466A006D7591 /* Project object */;
			proxyType = 1;
			remoteGlobalIDString = 65BBE72B1C3E466B006D7591;
			remoteInfo = Wave;
		};
/* End PBXContainerItemProxy section */

/* Begin PBXFileReference section */
		65BBE72C1C3E466B006D7591 /* Wave.app */ = {isa = PBXFileReference; explicitFileType = wrapper.application; includeInIndex = 0; path = Wave.app; sourceTree = BUILT_PRODUCTS_DIR; };
		65BBE7301C3E466B006D7591 /* main.m */ = {isa = PBXFileReference; lastKnownFileType = sourcecode.c.objc; path = main.m; sourceTree = "<group>"; };
		65BBE7321C3E466B006D7591 /* AppDelegate.h */ = {isa = PBXFileReference; lastKnownFileType = sourcecode.c.h; path = AppDelegate.h; sourceTree = "<group>"; };
		65BBE7331C3E466B006D7591 /* AppDelegate.m */ = {isa = PBXFileReference; lastKnownFileType = sourcecode.c.objc; path = AppDelegate.m; sourceTree = "<group>"; };
		65BBE7351C3E466B006D7591 /* ViewController.h */ = {isa = PBXFileReference; lastKnownFileType = sourcecode.c.h; path = ViewController.h; sourceTree = "<group>"; };
		65BBE7361C3E466B006D7591 /* ViewController.m */ = {isa = PBXFileReference; lastKnownFileType = sourcecode.c.objc; path = ViewController.m; sourceTree = "<group>"; };
		65BBE7391C3E466B006D7591 /* Base */ = {isa = PBXFileReference; lastKnownFileType = file.storyboard; name = Base; path = Base.lproj/Main.storyboard; sourceTree = "<group>"; };
		65BBE73B1C3E466B006D7591 /* Assets.xcassets */ = {isa = PBXFileReference; lastKnownFileType = folder.assetcatalog; path = Assets.xcassets; sourceTree = "<group>"; };
		65BBE73E1C3E466B006D7591 /* Base */ = {isa = PBXFileReference; lastKnownFileType = file.storyboard; name = Base; path = Base.lproj/LaunchScreen.storyboard; sourceTree = "<group>"; };
		65BBE7401C3E466B006D7591 /* Info.plist */ = {isa = PBXFileReference; lastKnownFileType = text.plist.xml; path = Info.plist; sourceTree = "<group>"; };
		65BBE7451C3E466B006D7591 /* WaveTests.xctest */ = {isa = PBXFileReference; explicitFileType = wrapper.cfbundle; includeInIndex = 0; path = WaveTests.xctest; sourceTree = BUILT_PRODUCTS_DIR; };
		65BBE7491C3E466B006D7591 /* WaveTests.m */ = {isa = PBXFileReference; lastKnownFileType = sourcecode.c.objc; path = WaveTests.m; sourceTree = "<group>"; };
		65BBE74B1C3E466B006D7591 /* Info.plist */ = {isa = PBXFileReference; lastKnownFileType = text.plist.xml; path = Info.plist; sourceTree = "<group>"; };
		65BBE7501C3E466B006D7591 /* WaveUITests.xctest */ = {isa = PBXFileReference; explicitFileType = wrapper.cfbundle; includeInIndex = 0; path = WaveUITests.xctest; sourceTree = BUILT_PRODUCTS_DIR; };
		65BBE7541C3E466B006D7591 /* WaveUITests.m */ = {isa = PBXFileReference; lastKnownFileType = sourcecode.c.objc; path = WaveUITests.m; sourceTree = "<group>"; };
		65BBE7561C3E466B006D7591 /* Info.plist */ = {isa = PBXFileReference; lastKnownFileType = text.plist.xml; path = Info.plist; sourceTree = "<group>"; };
		65BBE7621C3E46CE006D7591 /* YSWaterWaveView.h */ = {isa = PBXFileReference; fileEncoding = 4; lastKnownFileType = sourcecode.c.h; path = YSWaterWaveView.h; sourceTree = "<group>"; };
		65BBE7631C3E46CE006D7591 /* YSWaterWaveView.m */ = {isa = PBXFileReference; fileEncoding = 4; lastKnownFileType = sourcecode.c.objc; path = YSWaterWaveView.m; sourceTree = "<group>"; };
/* End PBXFileReference section */

/* Begin PBXFrameworksBuildPhase section */
		65BBE7291C3E466B006D7591 /* Frameworks */ = {
			isa = PBXFrameworksBuildPhase;
			buildActionMask = 2147483647;
			files = (
			);
			runOnlyForDeploymentPostprocessing = 0;
		};
		65BBE7421C3E466B006D7591 /* Frameworks */ = {
			isa = PBXFrameworksBuildPhase;
			buildActionMask = 2147483647;
			files = (
			);
			runOnlyForDeploymentPostprocessing = 0;
		};
		65BBE74D1C3E466B006D7591 /* Frameworks */ = {
			isa = PBXFrameworksBuildPhase;
			buildActionMask = 2147483647;
			files = (
			);
			runOnlyForDeploymentPostprocessing = 0;
		};
/* End PBXFrameworksBuildPhase section */

/* Begin PBXGroup section */
		65BBE7231C3E466A006D7591 = {
			isa = PBXGroup;
			children = (
				65BBE72E1C3E466B006D7591 /* Wave */,
				65BBE7481C3E466B006D7591 /* WaveTests */,
				65BBE7531C3E466B006D7591 /* WaveUITests */,
				65BBE72D1C3E466B006D7591 /* Products */,
			);
			sourceTree = "<group>";
		};
		65BBE72D1C3E466B006D7591 /* Products */ = {
			isa = PBXGroup;
			children = (
				65BBE72C1C3E466B006D7591 /* Wave.app */,
				65BBE7451C3E466B006D7591 /* WaveTests.xctest */,
				65BBE7501C3E466B006D7591 /* WaveUITests.xctest */,
			);
			name = Products;
			sourceTree = "<group>";
		};
		65BBE72E1C3E466B006D7591 /* Wave */ = {
			isa = PBXGroup;
			children = (
				65BBE7621C3E46CE006D7591 /* YSWaterWaveView.h */,
				65BBE7631C3E46CE006D7591 /* YSWaterWaveView.m */,
				65BBE7321C3E466B006D7591 /* AppDelegate.h */,
				65BBE7331C3E466B006D7591 /* AppDelegate.m */,
				65BBE7351C3E466B006D7591 /* ViewController.h */,
				65BBE7361C3E466B006D7591 /* ViewController.m */,
				65BBE7381C3E466B006D7591 /* Main.storyboard */,
				65BBE73B1C3E466B006D7591 /* Assets.xcassets */,
				65BBE73D1C3E466B006D7591 /* LaunchScreen.storyboard */,
				65BBE7401C3E466B006D7591 /* Info.plist */,
				65BBE72F1C3E466B006D7591 /* Supporting Files */,
			);
			path = Wave;
			sourceTree = "<group>";
		};
		65BBE72F1C3E466B006D7591 /* Supporting Files */ = {
			isa = PBXGroup;
			children = (
				65BBE7301C3E466B006D7591 /* main.m */,
			);
			name = "Supporting Files";
			sourceTree = "<group>";
		};
		65BBE7481C3E466B006D7591 /* WaveTests */ = {
			isa = PBXGroup;
			children = (
				65BBE7491C3E466B006D7591 /* WaveTests.m */,
				65BBE74B1C3E466B006D7591 /* Info.plist */,
			);
			path = WaveTests;
			sourceTree = "<group>";
		};
		65BBE7531C3E466B006D7591 /* WaveUITests */ = {
			isa = PBXGroup;
			children = (
				65BBE7541C3E466B006D7591 /* WaveUITests.m */,
				65BBE7561C3E466B006D7591 /* Info.plist */,
			);
			path = WaveUITests;
			sourceTree = "<group>";
		};
/* End PBXGroup section */

/* Begin PBXNativeTarget section */
		65BBE72B1C3E466B006D7591 /* Wave */ = {
			isa = PBXNativeTarget;
			buildConfigurationList = 65BBE7591C3E466B006D7591 /* Build configuration list for PBXNativeTarget "Wave" */;
			buildPhases = (
				65BBE7281C3E466B006D7591 /* Sources */,
				65BBE7291C3E466B006D7591 /* Frameworks */,
				65BBE72A1C3E466B006D7591 /* Resources */,
			);
			buildRules = (
			);
			dependencies = (
			);
			name = Wave;
			productName = Wave;
			productReference = 65BBE72C1C3E466B006D7591 /* Wave.app */;
			productType = "com.apple.product-type.application";
		};
		65BBE7441C3E466B006D7591 /* WaveTests */ = {
			isa = PBXNativeTarget;
			buildConfigurationList = 65BBE75C1C3E466B006D7591 /* Build configuration list for PBXNativeTarget "WaveTests" */;
			buildPhases = (
				65BBE7411C3E466B006D7591 /* Sources */,
				65BBE7421C3E466B006D7591 /* Frameworks */,
				65BBE7431C3E466B006D7591 /* Resources */,
			);
			buildRules = (
			);
			dependencies = (
				65BBE7471C3E466B006D7591 /* PBXTargetDependency */,
			);
			name = WaveTests;
			productName = WaveTests;
			productReference = 65BBE7451C3E466B006D7591 /* WaveTests.xctest */;
			productType = "com.apple.product-type.bundle.unit-test";
		};
		65BBE74F1C3E466B006D7591 /* WaveUITests */ = {
			isa = PBXNativeTarget;
			buildConfigurationList = 65BBE75F1C3E466B006D7591 /* Build configuration list for PBXNativeTarget "WaveUITests" */;
			buildPhases = (
				65BBE74C1C3E466B006D7591 /* Sources */,
				65BBE74D1C3E466B006D7591 /* Frameworks */,
				65BBE74E1C3E466B006D7591 /* Resources */,
			);
			buildRules = (
			);
			dependencies = (
				65BBE7521C3E466B006D7591 /* PBXTargetDependency */,
			);
			name = WaveUITests;
			productName = WaveUITests;
			productReference = 65BBE7501C3E466B006D7591 /* WaveUITests.xctest */;
			productType = "com.apple.product-type.bundle.ui-testing";
		};
/* End PBXNativeTarget section */

/* Begin PBXProject section */
		65BBE7241C3E466A006D7591 /* Project object */ = {
			isa = PBXProject;
			attributes = {
				LastUpgradeCheck = 0720;
				ORGANIZATIONNAME = msq;
				TargetAttributes = {
					65BBE72B1C3E466B006D7591 = {
						CreatedOnToolsVersion = 7.2;
					};
					65BBE7441C3E466B006D7591 = {
						CreatedOnToolsVersion = 7.2;
						TestTargetID = 65BBE72B1C3E466B006D7591;
					};
					65BBE74F1C3E466B006D7591 = {
						CreatedOnToolsVersion = 7.2;
						TestTargetID = 65BBE72B1C3E466B006D7591;
					};
				};
			};
			buildConfigurationList = 65BBE7271C3E466A006D7591 /* Build configuration list for PBXProject "Wave" */;
			compatibilityVersion = "Xcode 3.2";
			developmentRegion = English;
			hasScannedForEncodings = 0;
			knownRegions = (
				en,
				Base,
			);
			mainGroup = 65BBE7231C3E466A006D7591;
			productRefGroup = 65BBE72D1C3E466B006D7591 /* Products */;
			projectDirPath = "";
			projectRoot = "";
			targets = (
				65BBE72B1C3E466B006D7591 /* Wave */,
				65BBE7441C3E466B006D7591 /* WaveTests */,
				65BBE74F1C3E466B006D7591 /* WaveUITests */,
			);
		};
/* End PBXProject section */

/* Begin PBXResourcesBuildPhase section */
		65BBE72A1C3E466B006D7591 /* Resources */ = {
			isa = PBXResourcesBuildPhase;
			buildActionMask = 2147483647;
			files = (
				65BBE73F1C3E466B006D7591 /* LaunchScreen.storyboard in Resources */,
				65BBE73C1C3E466B006D7591 /* Assets.xcassets in Resources */,
				65BBE73A1C3E466B006D7591 /* Main.storyboard in Resources */,
			);
			runOnlyForDeploymentPostprocessing = 0;
		};
		65BBE7431C3E466B006D7591 /* Resources */ = {
			isa = PBXResourcesBuildPhase;
			buildActionMask = 2147483647;
			files = (
			);
			runOnlyForDeploymentPostprocessing = 0;
		};
		65BBE74E1C3E466B006D7591 /* Resources */ = {
			isa = PBXResourcesBuildPhase;
			buildActionMask = 2147483647;
			files = (
			);
			runOnlyForDeploymentPostprocessing = 0;
		};
/* End PBXResourcesBuildPhase section */

/* Begin PBXSourcesBuildPhase section */
		65BBE7281C3E466B006D7591 /* Sources */ = {
			isa = PBXSourcesBuildPhase;
			buildActionMask = 2147483647;
			files = (
				65BBE7371C3E466B006D7591 /* ViewController.m in Sources */,
				65BBE7641C3E46CE006D7591 /* YSWaterWaveView.m in Sources */,
				65BBE7341C3E466B006D7591 /* AppDelegate.m in Sources */,
				65BBE7311C3E466B006D7591 /* main.m in Sources */,
			);
			runOnlyForDeploymentPostprocessing = 0;
		};
		65BBE7411C3E466B006D7591 /* Sources */ = {
			isa = PBXSourcesBuildPhase;
			buildActionMask = 2147483647;
			files = (
				65BBE74A1C3E466B006D7591 /* WaveTests.m in Sources */,
			);
			runOnlyForDeploymentPostprocessing = 0;
		};
		65BBE74C1C3E466B006D7591 /* Sources */ = {
			isa = PBXSourcesBuildPhase;
			buildActionMask = 2147483647;
			files = (
				65BBE7551C3E466B006D7591 /* WaveUITests.m in Sources */,
			);
			runOnlyForDeploymentPostprocessing = 0;
		};
/* End PBXSourcesBuildPhase section */

/* Begin PBXTargetDependency section */
		65BBE7471C3E466B006D7591 /* PBXTargetDependency */ = {
			isa = PBXTargetDependency;
			target = 65BBE72B1C3E466B006D7591 /* Wave */;
			targetProxy = 65BBE7461C3E466B006D7591 /* PBXContainerItemProxy */;
		};
		65BBE7521C3E466B006D7591 /* PBXTargetDependency */ = {
			isa = PBXTargetDependency;
			target = 65BBE72B1C3E466B006D7591 /* Wave */;
			targetProxy = 65BBE7511C3E466B006D7591 /* PBXContainerItemProxy */;
		};
/* End PBXTargetDependency section */

/* Begin PBXVariantGroup section */
		65BBE7381C3E466B006D7591 /* Main.storyboard */ = {
			isa = PBXVariantGroup;
			children = (
				65BBE7391C3E466B006D7591 /* Base */,
			);
			name = Main.storyboard;
			sourceTree = "<group>";
		};
		65BBE73D1C3E466B006D7591 /* LaunchScreen.storyboard */ = {
			isa = PBXVariantGroup;
			children = (
				65BBE73E1C3E466B006D7591 /* Base */,
			);
			name = LaunchScreen.storyboard;
			sourceTree = "<group>";
		};
/* End PBXVariantGroup section */

/* Begin XCBuildConfiguration section */
		65BBE7571C3E466B006D7591 /* Debug */ = {
			isa = XCBuildConfiguration;
			buildSettings = {
				ALWAYS_SEARCH_USER_PATHS = NO;
				CLANG_CXX_LANGUAGE_STANDARD = "gnu++0x";
				CLANG_CXX_LIBRARY = "libc++";
				CLANG_ENABLE_MODULES = YES;
				CLANG_ENABLE_OBJC_ARC = YES;
				CLANG_WARN_BOOL_CONVERSION = YES;
				CLANG_WARN_CONSTANT_CONVERSION = YES;
				CLANG_WARN_DIRECT_OBJC_ISA_USAGE = YES_ERROR;
				CLANG_WARN_EMPTY_BODY = YES;
				CLANG_WARN_ENUM_CONVERSION = YES;
				CLANG_WARN_INT_CONVERSION = YES;
				CLANG_WARN_OBJC_ROOT_CLASS = YES_ERROR;
				CLANG_WARN_UNREACHABLE_CODE = YES;
				CLANG_WARN__DUPLICATE_METHOD_MATCH = YES;
				"CODE_SIGN_IDENTITY[sdk=iphoneos*]" = "iPhone Developer";
				COPY_PHASE_STRIP = NO;
				DEBUG_INFORMATION_FORMAT = dwarf;
				ENABLE_STRICT_OBJC_MSGSEND = YES;
				ENABLE_TESTABILITY = YES;
				GCC_C_LANGUAGE_STANDARD = gnu99;
				GCC_DYNAMIC_NO_PIC = NO;
				GCC_NO_COMMON_BLOCKS = YES;
				GCC_OPTIMIZATION_LEVEL = 0;
				GCC_PREPROCESSOR_DEFINITIONS = (
					"DEBUG=1",
					"$(inherited)",
				);
				GCC_WARN_64_TO_32_BIT_CONVERSION = YES;
				GCC_WARN_ABOUT_RETURN_TYPE = YES_ERROR;
				GCC_WARN_UNDECLARED_SELECTOR = YES;
				GCC_WARN_UNINITIALIZED_AUTOS = YES_AGGRESSIVE;
				GCC_WARN_UNUSED_FUNCTION = YES;
				GCC_WARN_UNUSED_VARIABLE = YES;
				IPHONEOS_DEPLOYMENT_TARGET = 9.2;
				MTL_ENABLE_DEBUG_INFO = YES;
				ONLY_ACTIVE_ARCH = YES;
				SDKROOT = iphoneos;
			};
			name = Debug;
		};
		65BBE7581C3E466B006D7591 /* Release */ = {
			isa = XCBuildConfiguration;
			buildSettings = {
				ALWAYS_SEARCH_USER_PATHS = NO;
				CLANG_CXX_LANGUAGE_STANDARD = "gnu++0x";
				CLANG_CXX_LIBRARY = "libc++";
				CLANG_ENABLE_MODULES = YES;
				CLANG_ENABLE_OBJC_ARC = YES;
				CLANG_WARN_BOOL_CONVERSION = YES;
				CLANG_WARN_CONSTANT_CONVERSION = YES;
				CLANG_WARN_DIRECT_OBJC_ISA_USAGE = YES_ERROR;
				CLANG_WARN_EMPTY_BODY = YES;
				CLANG_WARN_ENUM_CONVERSION = YES;
				CLANG_WARN_INT_CONVERSION = YES;
				CLANG_WARN_OBJC_ROOT_CLASS = YES_ERROR;
				CLANG_WARN_UNREACHABLE_CODE = YES;
				CLANG_WARN__DUPLICATE_METHOD_MATCH = YES;
				"CODE_SIGN_IDENTITY[sdk=iphoneos*]" = "iPhone Developer";
				COPY_PHASE_STRIP = NO;
				DEBUG_INFORMATION_FORMAT = "dwarf-with-dsym";
				ENABLE_NS_ASSERTIONS = NO;
				ENABLE_STRICT_OBJC_MSGSEND = YES;
				GCC_C_LANGUAGE_STANDARD = gnu99;
				GCC_NO_COMMON_BLOCKS = YES;
				GCC_WARN_64_TO_32_BIT_CONVERSION = YES;
				GCC_WARN_ABOUT_RETURN_TYPE = YES_ERROR;
				GCC_WARN_UNDECLARED_SELECTOR = YES;
				GCC_WARN_UNINITIALIZED_AUTOS = YES_AGGRESSIVE;
				GCC_WARN_UNUSED_FUNCTION = YES;
				GCC_WARN_UNUSED_VARIABLE = YES;
				IPHONEOS_DEPLOYMENT_TARGET = 9.2;
				MTL_ENABLE_DEBUG_INFO = NO;
				SDKROOT = iphoneos;
				VALIDATE_PRODUCT = YES;
			};
			name = Release;
		};
		65BBE75A1C3E466B006D7591 /* Debug */ = {
			isa = XCBuildConfiguration;
			buildSettings = {
				ASSETCATALOG_COMPILER_APPICON_NAME = AppIcon;
				INFOPLIST_FILE = Wave/Info.plist;
				LD_RUNPATH_SEARCH_PATHS = "$(inherited) @executable_path/Frameworks";
				PRODUCT_BUNDLE_IDENTIFIER = msq.Wave;
				PRODUCT_NAME = "$(TARGET_NAME)";
			};
			name = Debug;
		};
		65BBE75B1C3E466B006D7591 /* Release */ = {
			isa = XCBuildConfiguration;
			buildSettings = {
				ASSETCATALOG_COMPILER_APPICON_NAME = AppIcon;
				INFOPLIST_FILE = Wave/Info.plist;
				LD_RUNPATH_SEARCH_PATHS = "$(inherited) @executable_path/Frameworks";
				PRODUCT_BUNDLE_IDENTIFIER = msq.Wave;
				PRODUCT_NAME = "$(TARGET_NAME)";
			};
			name = Release;
		};
		65BBE75D1C3E466B006D7591 /* Debug */ = {
			isa = XCBuildConfiguration;
			buildSettings = {
				BUNDLE_LOADER = "$(TEST_HOST)";
				INFOPLIST_FILE = WaveTests/Info.plist;
				LD_RUNPATH_SEARCH_PATHS = "$(inherited) @executable_path/Frameworks @loader_path/Frameworks";
				PRODUCT_BUNDLE_IDENTIFIER = msq.WaveTests;
				PRODUCT_NAME = "$(TARGET_NAME)";
				TEST_HOST = "$(BUILT_PRODUCTS_DIR)/Wave.app/Wave";
			};
			name = Debug;
		};
		65BBE75E1C3E466B006D7591 /* Release */ = {
			isa = XCBuildConfiguration;
			buildSettings = {
				BUNDLE_LOADER = "$(TEST_HOST)";
				INFOPLIST_FILE = WaveTests/Info.plist;
				LD_RUNPATH_SEARCH_PATHS = "$(inherited) @executable_path/Frameworks @loader_path/Frameworks";
				PRODUCT_BUNDLE_IDENTIFIER = msq.WaveTests;
				PRODUCT_NAME = "$(TARGET_NAME)";
				TEST_HOST = "$(BUILT_PRODUCTS_DIR)/Wave.app/Wave";
			};
			name = Release;
		};
		65BBE7601C3E466B006D7591 /* Debug */ = {
			isa = XCBuildConfiguration;
			buildSettings = {
				INFOPLIST_FILE = WaveUITests/Info.plist;
				LD_RUNPATH_SEARCH_PATHS = "$(inherited) @executable_path/Frameworks @loader_path/Frameworks";
				PRODUCT_BUNDLE_IDENTIFIER = msq.WaveUITests;
				PRODUCT_NAME = "$(TARGET_NAME)";
				TEST_TARGET_NAME = Wave;
				USES_XCTRUNNER = YES;
			};
			name = Debug;
		};
		65BBE7611C3E466B006D7591 /* Release */ = {
			isa = XCBuildConfiguration;
			buildSettings = {
				INFOPLIST_FILE = WaveUITests/Info.plist;
				LD_RUNPATH_SEARCH_PATHS = "$(inherited) @executable_path/Frameworks @loader_path/Frameworks";
				PRODUCT_BUNDLE_IDENTIFIER = msq.WaveUITests;
				PRODUCT_NAME = "$(TARGET_NAME)";
				TEST_TARGET_NAME = Wave;
				USES_XCTRUNNER = YES;
			};
			name = Release;
		};
/* End XCBuildConfiguration section */

/* Begin XCConfigurationList section */
		65BBE7271C3E466A006D7591 /* Build configuration list for PBXProject "Wave" */ = {
			isa = XCConfigurationList;
			buildConfigurations = (
				65BBE7571C3E466B006D7591 /* Debug */,
				65BBE7581C3E466B006D7591 /* Release */,
			);
			defaultConfigurationIsVisible = 0;
			defaultConfigurationName = Release;
		};
		65BBE7591C3E466B006D7591 /* Build configuration list for PBXNativeTarget "Wave" */ = {
			isa = XCConfigurationList;
			buildConfigurations = (
				65BBE75A1C3E466B006D7591 /* Debug */,
				65BBE75B1C3E466B006D7591 /* Release */,
			);
			defaultConfigurationIsVisible = 0;
			defaultConfigurationName = Release;
		};
		65BBE75C1C3E466B006D7591 /* Build configuration list for PBXNativeTarget "WaveTests" */ = {
			isa = XCConfigurationList;
			buildConfigurations = (
				65BBE75D1C3E466B006D7591 /* Debug */,
				65BBE75E1C3E466B006D7591 /* Release */,
			);
			defaultConfigurationIsVisible = 0;
			defaultConfigurationName = Release;
		};
		65BBE75F1C3E466B006D7591 /* Build configuration list for PBXNativeTarget "WaveUITests" */ = {
			isa = XCConfigurationList;
			buildConfigurations = (
				65BBE7601C3E466B006D7591 /* Debug */,
				65BBE7611C3E466B006D7591 /* Release */,
			);
			defaultConfigurationIsVisible = 0;
			defaultConfigurationName = Release;
		};
/* End XCConfigurationList section */
	};
	rootObject = 65BBE7241C3E466A006D7591 /* Project object */;
}
