// !$*UTF8*$!
{
	archiveVersion = 1;
	classes = {
	};
	objectVersion = 46;
	objects = {

/* Begin PBXBuildFile section */
		6782DB811F6A767400C69B38 /* AppDelegate.swift in Sources */ = {isa = PBXBuildFile; fileRef = 6782DB801F6A767400C69B38 /* AppDelegate.swift */; };
		6782DB831F6A767400C69B38 /* ViewController.swift in Sources */ = {isa = PBXBuildFile; fileRef = 6782DB821F6A767400C69B38 /* ViewController.swift */; };
		6782DB861F6A767400C69B38 /* Main.storyboard in Resources */ = {isa = PBXBuildFile; fileRef = 6782DB841F6A767400C69B38 /* Main.storyboard */; };
		6782DB881F6A767400C69B38 /* Assets.xcassets in Resources */ = {isa = PBXBuildFile; fileRef = 6782DB871F6A767400C69B38 /* Assets.xcassets */; };
		6782DB8B1F6A767400C69B38 /* LaunchScreen.storyboard in Resources */ = {isa = PBXBuildFile; fileRef = 6782DB891F6A767400C69B38 /* LaunchScreen.storyboard */; };
		6782DB961F6A767400C69B38 /* SwiftMTGuardTests.swift in Sources */ = {isa = PBXBuildFile; fileRef = 6782DB951F6A767400C69B38 /* SwiftMTGuardTests.swift */; };
		6782DBA11F6A767500C69B38 /* SwiftMTGuardUITests.swift in Sources */ = {isa = PBXBuildFile; fileRef = 6782DBA01F6A767500C69B38 /* SwiftMTGuardUITests.swift */; };
		6782DBAF1F6A776500C69B38 /* UIView+extension.swift in Sources */ = {isa = PBXBuildFile; fileRef = 6782DBAE1F6A776500C69B38 /* UIView+extension.swift */; };
		6782DBB51F6A7CD600C69B38 /* MTGuard.swift in Sources */ = {isa = PBXBuildFile; fileRef = 6782DBB41F6A7CD600C69B38 /* MTGuard.swift */; };
/* End PBXBuildFile section */

/* Begin PBXContainerItemProxy section */
		6782DB921F6A767400C69B38 /* PBXContainerItemProxy */ = {
			isa = PBXContainerItemProxy;
			containerPortal = 6782DB751F6A767400C69B38 /* Project object */;
			proxyType = 1;
			remoteGlobalIDString = 6782DB7C1F6A767400C69B38;
			remoteInfo = SwiftMTGuard;
		};
		6782DB9D1F6A767400C69B38 /* PBXContainerItemProxy */ = {
			isa = PBXContainerItemProxy;
			containerPortal = 6782DB751F6A767400C69B38 /* Project object */;
			proxyType = 1;
			remoteGlobalIDString = 6782DB7C1F6A767400C69B38;
			remoteInfo = SwiftMTGuard;
		};
/* End PBXContainerItemProxy section */

/* Begin PBXFileReference section */
		6782DB7D1F6A767400C69B38 /* SwiftMTGuard.app */ = {isa = PBXFileReference; explicitFileType = wrapper.application; includeInIndex = 0; path = SwiftMTGuard.app; sourceTree = BUILT_PRODUCTS_DIR; };
		6782DB801F6A767400C69B38 /* AppDelegate.swift */ = {isa = PBXFileReference; lastKnownFileType = sourcecode.swift; path = AppDelegate.swift; sourceTree = "<group>"; };
		6782DB821F6A767400C69B38 /* ViewController.swift */ = {isa = PBXFileReference; lastKnownFileType = sourcecode.swift; path = ViewController.swift; sourceTree = "<group>"; };
		6782DB851F6A767400C69B38 /* Base */ = {isa = PBXFileReference; lastKnownFileType = file.storyboard; name = Base; path = Base.lproj/Main.storyboard; sourceTree = "<group>"; };
		6782DB871F6A767400C69B38 /* Assets.xcassets */ = {isa = PBXFileReference; lastKnownFileType = folder.assetcatalog; path = Assets.xcassets; sourceTree = "<group>"; };
		6782DB8A1F6A767400C69B38 /* Base */ = {isa = PBXFileReference; lastKnownFileType = file.storyboard; name = Base; path = Base.lproj/LaunchScreen.storyboard; sourceTree = "<group>"; };
		6782DB8C1F6A767400C69B38 /* Info.plist */ = {isa = PBXFileReference; lastKnownFileType = text.plist.xml; path = Info.plist; sourceTree = "<group>"; };
		6782DB911F6A767400C69B38 /* SwiftMTGuardTests.xctest */ = {isa = PBXFileReference; explicitFileType = wrapper.cfbundle; includeInIndex = 0; path = SwiftMTGuardTests.xctest; sourceTree = BUILT_PRODUCTS_DIR; };
		6782DB951F6A767400C69B38 /* SwiftMTGuardTests.swift */ = {isa = PBXFileReference; lastKnownFileType = sourcecode.swift; path = SwiftMTGuardTests.swift; sourceTree = "<group>"; };
		6782DB971F6A767400C69B38 /* Info.plist */ = {isa = PBXFileReference; lastKnownFileType = text.plist.xml; path = Info.plist; sourceTree = "<group>"; };
		6782DB9C1F6A767400C69B38 /* SwiftMTGuardUITests.xctest */ = {isa = PBXFileReference; explicitFileType = wrapper.cfbundle; includeInIndex = 0; path = SwiftMTGuardUITests.xctest; sourceTree = BUILT_PRODUCTS_DIR; };
		6782DBA01F6A767500C69B38 /* SwiftMTGuardUITests.swift */ = {isa = PBXFileReference; lastKnownFileType = sourcecode.swift; path = SwiftMTGuardUITests.swift; sourceTree = "<group>"; };
		6782DBA21F6A767500C69B38 /* Info.plist */ = {isa = PBXFileReference; lastKnownFileType = text.plist.xml; path = Info.plist; sourceTree = "<group>"; };
		6782DBAE1F6A776500C69B38 /* UIView+extension.swift */ = {isa = PBXFileReference; fileEncoding = 4; lastKnownFileType = sourcecode.swift; path = "UIView+extension.swift"; sourceTree = "<group>"; };
		6782DBB41F6A7CD600C69B38 /* MTGuard.swift */ = {isa = PBXFileReference; fileEncoding = 4; lastKnownFileType = sourcecode.swift; path = MTGuard.swift; sourceTree = "<group>"; };
/* End PBXFileReference section */

/* Begin PBXFrameworksBuildPhase section */
		6782DB7A1F6A767400C69B38 /* Frameworks */ = {
			isa = PBXFrameworksBuildPhase;
			buildActionMask = 2147483647;
			files = (
			);
			runOnlyForDeploymentPostprocessing = 0;
		};
		6782DB8E1F6A767400C69B38 /* Frameworks */ = {
			isa = PBXFrameworksBuildPhase;
			buildActionMask = 2147483647;
			files = (
			);
			runOnlyForDeploymentPostprocessing = 0;
		};
		6782DB991F6A767400C69B38 /* Frameworks */ = {
			isa = PBXFrameworksBuildPhase;
			buildActionMask = 2147483647;
			files = (
			);
			runOnlyForDeploymentPostprocessing = 0;
		};
/* End PBXFrameworksBuildPhase section */

/* Begin PBXGroup section */
		6782DB741F6A767400C69B38 = {
			isa = PBXGroup;
			children = (
				6782DB7F1F6A767400C69B38 /* SwiftMTGuard */,
				6782DB941F6A767400C69B38 /* SwiftMTGuardTests */,
				6782DB9F1F6A767400C69B38 /* SwiftMTGuardUITests */,
				6782DB7E1F6A767400C69B38 /* Products */,
			);
			sourceTree = "<group>";
		};
		6782DB7E1F6A767400C69B38 /* Products */ = {
			isa = PBXGroup;
			children = (
				6782DB7D1F6A767400C69B38 /* SwiftMTGuard.app */,
				6782DB911F6A767400C69B38 /* SwiftMTGuardTests.xctest */,
				6782DB9C1F6A767400C69B38 /* SwiftMTGuardUITests.xctest */,
			);
			name = Products;
			sourceTree = "<group>";
		};
		6782DB7F1F6A767400C69B38 /* SwiftMTGuard */ = {
			isa = PBXGroup;
			children = (
				6782DB801F6A767400C69B38 /* AppDelegate.swift */,
				6782DB821F6A767400C69B38 /* ViewController.swift */,
				6782DB841F6A767400C69B38 /* Main.storyboard */,
				6782DB871F6A767400C69B38 /* Assets.xcassets */,
				6782DB891F6A767400C69B38 /* LaunchScreen.storyboard */,
				6782DB8C1F6A767400C69B38 /* Info.plist */,
				6782DBAE1F6A776500C69B38 /* UIView+extension.swift */,
				6782DBB41F6A7CD600C69B38 /* MTGuard.swift */,
			);
			path = SwiftMTGuard;
			sourceTree = "<group>";
		};
		6782DB941F6A767400C69B38 /* SwiftMTGuardTests */ = {
			isa = PBXGroup;
			children = (
				6782DB951F6A767400C69B38 /* SwiftMTGuardTests.swift */,
				6782DB971F6A767400C69B38 /* Info.plist */,
			);
			path = SwiftMTGuardTests;
			sourceTree = "<group>";
		};
		6782DB9F1F6A767400C69B38 /* SwiftMTGuardUITests */ = {
			isa = PBXGroup;
			children = (
				6782DBA01F6A767500C69B38 /* SwiftMTGuardUITests.swift */,
				6782DBA21F6A767500C69B38 /* Info.plist */,
			);
			path = SwiftMTGuardUITests;
			sourceTree = "<group>";
		};
/* End PBXGroup section */

/* Begin PBXNativeTarget section */
		6782DB7C1F6A767400C69B38 /* SwiftMTGuard */ = {
			isa = PBXNativeTarget;
			buildConfigurationList = 6782DBA51F6A767500C69B38 /* Build configuration list for PBXNativeTarget "SwiftMTGuard" */;
			buildPhases = (
				6782DB791F6A767400C69B38 /* Sources */,
				6782DB7A1F6A767400C69B38 /* Frameworks */,
				6782DB7B1F6A767400C69B38 /* Resources */,
			);
			buildRules = (
			);
			dependencies = (
			);
			name = SwiftMTGuard;
			productName = SwiftMTGuard;
			productReference = 6782DB7D1F6A767400C69B38 /* SwiftMTGuard.app */;
			productType = "com.apple.product-type.application";
		};
		6782DB901F6A767400C69B38 /* SwiftMTGuardTests */ = {
			isa = PBXNativeTarget;
			buildConfigurationList = 6782DBA81F6A767500C69B38 /* Build configuration list for PBXNativeTarget "SwiftMTGuardTests" */;
			buildPhases = (
				6782DB8D1F6A767400C69B38 /* Sources */,
				6782DB8E1F6A767400C69B38 /* Frameworks */,
				6782DB8F1F6A767400C69B38 /* Resources */,
			);
			buildRules = (
			);
			dependencies = (
				6782DB931F6A767400C69B38 /* PBXTargetDependency */,
			);
			name = SwiftMTGuardTests;
			productName = SwiftMTGuardTests;
			productReference = 6782DB911F6A767400C69B38 /* SwiftMTGuardTests.xctest */;
			productType = "com.apple.product-type.bundle.unit-test";
		};
		6782DB9B1F6A767400C69B38 /* SwiftMTGuardUITests */ = {
			isa = PBXNativeTarget;
			buildConfigurationList = 6782DBAB1F6A767500C69B38 /* Build configuration list for PBXNativeTarget "SwiftMTGuardUITests" */;
			buildPhases = (
				6782DB981F6A767400C69B38 /* Sources */,
				6782DB991F6A767400C69B38 /* Frameworks */,
				6782DB9A1F6A767400C69B38 /* Resources */,
			);
			buildRules = (
			);
			dependencies = (
				6782DB9E1F6A767400C69B38 /* PBXTargetDependency */,
			);
			name = SwiftMTGuardUITests;
			productName = SwiftMTGuardUITests;
			productReference = 6782DB9C1F6A767400C69B38 /* SwiftMTGuardUITests.xctest */;
			productType = "com.apple.product-type.bundle.ui-testing";
		};
/* End PBXNativeTarget section */

/* Begin PBXProject section */
		6782DB751F6A767400C69B38 /* Project object */ = {
			isa = PBXProject;
			attributes = {
				LastSwiftUpdateCheck = 0830;
				LastUpgradeCheck = 0830;
				ORGANIZATIONNAME = msq;
				TargetAttributes = {
					6782DB7C1F6A767400C69B38 = {
						CreatedOnToolsVersion = 8.3.3;
						ProvisioningStyle = Automatic;
					};
					6782DB901F6A767400C69B38 = {
						CreatedOnToolsVersion = 8.3.3;
						ProvisioningStyle = Automatic;
						TestTargetID = 6782DB7C1F6A767400C69B38;
					};
					6782DB9B1F6A767400C69B38 = {
						CreatedOnToolsVersion = 8.3.3;
						ProvisioningStyle = Automatic;
						TestTargetID = 6782DB7C1F6A767400C69B38;
					};
				};
			};
			buildConfigurationList = 6782DB781F6A767400C69B38 /* Build configuration list for PBXProject "SwiftMTGuard" */;
			compatibilityVersion = "Xcode 3.2";
			developmentRegion = English;
			hasScannedForEncodings = 0;
			knownRegions = (
				en,
				Base,
			);
			mainGroup = 6782DB741F6A767400C69B38;
			productRefGroup = 6782DB7E1F6A767400C69B38 /* Products */;
			projectDirPath = "";
			projectRoot = "";
			targets = (
				6782DB7C1F6A767400C69B38 /* SwiftMTGuard */,
				6782DB901F6A767400C69B38 /* SwiftMTGuardTests */,
				6782DB9B1F6A767400C69B38 /* SwiftMTGuardUITests */,
			);
		};
/* End PBXProject section */

/* Begin PBXResourcesBuildPhase section */
		6782DB7B1F6A767400C69B38 /* Resources */ = {
			isa = PBXResourcesBuildPhase;
			buildActionMask = 2147483647;
			files = (
				6782DB8B1F6A767400C69B38 /* LaunchScreen.storyboard in Resources */,
				6782DB881F6A767400C69B38 /* Assets.xcassets in Resources */,
				6782DB861F6A767400C69B38 /* Main.storyboard in Resources */,
			);
			runOnlyForDeploymentPostprocessing = 0;
		};
		6782DB8F1F6A767400C69B38 /* Resources */ = {
			isa = PBXResourcesBuildPhase;
			buildActionMask = 2147483647;
			files = (
			);
			runOnlyForDeploymentPostprocessing = 0;
		};
		6782DB9A1F6A767400C69B38 /* Resources */ = {
			isa = PBXResourcesBuildPhase;
			buildActionMask = 2147483647;
			files = (
			);
			runOnlyForDeploymentPostprocessing = 0;
		};
/* End PBXResourcesBuildPhase section */

/* Begin PBXSourcesBuildPhase section */
		6782DB791F6A767400C69B38 /* Sources */ = {
			isa = PBXSourcesBuildPhase;
			buildActionMask = 2147483647;
			files = (
				6782DBB51F6A7CD600C69B38 /* MTGuard.swift in Sources */,
				6782DBAF1F6A776500C69B38 /* UIView+extension.swift in Sources */,
				6782DB831F6A767400C69B38 /* ViewController.swift in Sources */,
				6782DB811F6A767400C69B38 /* AppDelegate.swift in Sources */,
			);
			runOnlyForDeploymentPostprocessing = 0;
		};
		6782DB8D1F6A767400C69B38 /* Sources */ = {
			isa = PBXSourcesBuildPhase;
			buildActionMask = 2147483647;
			files = (
				6782DB961F6A767400C69B38 /* SwiftMTGuardTests.swift in Sources */,
			);
			runOnlyForDeploymentPostprocessing = 0;
		};
		6782DB981F6A767400C69B38 /* Sources */ = {
			isa = PBXSourcesBuildPhase;
			buildActionMask = 2147483647;
			files = (
				6782DBA11F6A767500C69B38 /* SwiftMTGuardUITests.swift in Sources */,
			);
			runOnlyForDeploymentPostprocessing = 0;
		};
/* End PBXSourcesBuildPhase section */

/* Begin PBXTargetDependency section */
		6782DB931F6A767400C69B38 /* PBXTargetDependency */ = {
			isa = PBXTargetDependency;
			target = 6782DB7C1F6A767400C69B38 /* SwiftMTGuard */;
			targetProxy = 6782DB921F6A767400C69B38 /* PBXContainerItemProxy */;
		};
		6782DB9E1F6A767400C69B38 /* PBXTargetDependency */ = {
			isa = PBXTargetDependency;
			target = 6782DB7C1F6A767400C69B38 /* SwiftMTGuard */;
			targetProxy = 6782DB9D1F6A767400C69B38 /* PBXContainerItemProxy */;
		};
/* End PBXTargetDependency section */

/* Begin PBXVariantGroup section */
		6782DB841F6A767400C69B38 /* Main.storyboard */ = {
			isa = PBXVariantGroup;
			children = (
				6782DB851F6A767400C69B38 /* Base */,
			);
			name = Main.storyboard;
			sourceTree = "<group>";
		};
		6782DB891F6A767400C69B38 /* LaunchScreen.storyboard */ = {
			isa = PBXVariantGroup;
			children = (
				6782DB8A1F6A767400C69B38 /* Base */,
			);
			name = LaunchScreen.storyboard;
			sourceTree = "<group>";
		};
/* End PBXVariantGroup section */

/* Begin XCBuildConfiguration section */
		6782DBA31F6A767500C69B38 /* Debug */ = {
			isa = XCBuildConfiguration;
			buildSettings = {
				ALWAYS_SEARCH_USER_PATHS = NO;
				CLANG_ANALYZER_NONNULL = YES;
				CLANG_ANALYZER_NUMBER_OBJECT_CONVERSION = YES_AGGRESSIVE;
				CLANG_CXX_LANGUAGE_STANDARD = "gnu++0x";
				CLANG_CXX_LIBRARY = "libc++";
				CLANG_ENABLE_MODULES = YES;
				CLANG_ENABLE_OBJC_ARC = YES;
				CLANG_WARN_BOOL_CONVERSION = YES;
				CLANG_WARN_CONSTANT_CONVERSION = YES;
				CLANG_WARN_DIRECT_OBJC_ISA_USAGE = YES_ERROR;
				CLANG_WARN_DOCUMENTATION_COMMENTS = YES;
				CLANG_WARN_EMPTY_BODY = YES;
				CLANG_WARN_ENUM_CONVERSION = YES;
				CLANG_WARN_INFINITE_RECURSION = YES;
				CLANG_WARN_INT_CONVERSION = YES;
				CLANG_WARN_OBJC_ROOT_CLASS = YES_ERROR;
				CLANG_WARN_SUSPICIOUS_MOVE = YES;
				CLANG_WARN_UNREACHABLE_CODE = YES;
				CLANG_WARN__DUPLICATE_METHOD_MATCH = YES;
				"CODE_SIGN_IDENTITY[sdk=iphoneos*]" = "iPhone Developer";
				COPY_PHASE_STRIP = NO;
				DEBUG_INFORMATION_FORMAT = dwarf;
				ENABLE_STRICT_OBJC_MSGSEND = YES;
				ENABLE_TESTABILITY = YES;
				GCC_C_LANGUAGE_STANDARD = gnu99;
				GCC_DYNAMIC_NO_PIC = NO;
				GCC_NO_COMMON_BLOCKS = YES;
				GCC_OPTIMIZATION_LEVEL = 0;
				GCC_PREPROCESSOR_DEFINITIONS = (
					"DEBUG=1",
					"$(inherited)",
				);
				GCC_WARN_64_TO_32_BIT_CONVERSION = YES;
				GCC_WARN_ABOUT_RETURN_TYPE = YES_ERROR;
				GCC_WARN_UNDECLARED_SELECTOR = YES;
				GCC_WARN_UNINITIALIZED_AUTOS = YES_AGGRESSIVE;
				GCC_WARN_UNUSED_FUNCTION = YES;
				GCC_WARN_UNUSED_VARIABLE = YES;
				IPHONEOS_DEPLOYMENT_TARGET = 10.3;
				MTL_ENABLE_DEBUG_INFO = YES;
				ONLY_ACTIVE_ARCH = YES;
				SDKROOT = iphoneos;
				SWIFT_ACTIVE_COMPILATION_CONDITIONS = DEBUG;
				SWIFT_OPTIMIZATION_LEVEL = "-Onone";
			};
			name = Debug;
		};
		6782DBA41F6A767500C69B38 /* Release */ = {
			isa = XCBuildConfiguration;
			buildSettings = {
				ALWAYS_SEARCH_USER_PATHS = NO;
				CLANG_ANALYZER_NONNULL = YES;
				CLANG_ANALYZER_NUMBER_OBJECT_CONVERSION = YES_AGGRESSIVE;
				CLANG_CXX_LANGUAGE_STANDARD = "gnu++0x";
				CLANG_CXX_LIBRARY = "libc++";
				CLANG_ENABLE_MODULES = YES;
				CLANG_ENABLE_OBJC_ARC = YES;
				CLANG_WARN_BOOL_CONVERSION = YES;
				CLANG_WARN_CONSTANT_CONVERSION = YES;
				CLANG_WARN_DIRECT_OBJC_ISA_USAGE = YES_ERROR;
				CLANG_WARN_DOCUMENTATION_COMMENTS = YES;
				CLANG_WARN_EMPTY_BODY = YES;
				CLANG_WARN_ENUM_CONVERSION = YES;
				CLANG_WARN_INFINITE_RECURSION = YES;
				CLANG_WARN_INT_CONVERSION = YES;
				CLANG_WARN_OBJC_ROOT_CLASS = YES_ERROR;
				CLANG_WARN_SUSPICIOUS_MOVE = YES;
				CLANG_WARN_UNREACHABLE_CODE = YES;
				CLANG_WARN__DUPLICATE_METHOD_MATCH = YES;
				"CODE_SIGN_IDENTITY[sdk=iphoneos*]" = "iPhone Developer";
				COPY_PHASE_STRIP = NO;
				DEBUG_INFORMATION_FORMAT = "dwarf-with-dsym";
				ENABLE_NS_ASSERTIONS = NO;
				ENABLE_STRICT_OBJC_MSGSEND = YES;
				GCC_C_LANGUAGE_STANDARD = gnu99;
				GCC_NO_COMMON_BLOCKS = YES;
				GCC_WARN_64_TO_32_BIT_CONVERSION = YES;
				GCC_WARN_ABOUT_RETURN_TYPE = YES_ERROR;
				GCC_WARN_UNDECLARED_SELECTOR = YES;
				GCC_WARN_UNINITIALIZED_AUTOS = YES_AGGRESSIVE;
				GCC_WARN_UNUSED_FUNCTION = YES;
				GCC_WARN_UNUSED_VARIABLE = YES;
				IPHONEOS_DEPLOYMENT_TARGET = 10.3;
				MTL_ENABLE_DEBUG_INFO = NO;
				SDKROOT = iphoneos;
				SWIFT_OPTIMIZATION_LEVEL = "-Owholemodule";
				VALIDATE_PRODUCT = YES;
			};
			name = Release;
		};
		6782DBA61F6A767500C69B38 /* Debug */ = {
			isa = XCBuildConfiguration;
			buildSettings = {
				ASSETCATALOG_COMPILER_APPICON_NAME = AppIcon;
				INFOPLIST_FILE = SwiftMTGuard/Info.plist;
				LD_RUNPATH_SEARCH_PATHS = "$(inherited) @executable_path/Frameworks";
				PRODUCT_BUNDLE_IDENTIFIER = msq.SwiftMTGuard;
				PRODUCT_NAME = "$(TARGET_NAME)";
				SWIFT_VERSION = 3.0;
			};
			name = Debug;
		};
		6782DBA71F6A767500C69B38 /* Release */ = {
			isa = XCBuildConfiguration;
			buildSettings = {
				ASSETCATALOG_COMPILER_APPICON_NAME = AppIcon;
				INFOPLIST_FILE = SwiftMTGuard/Info.plist;
				LD_RUNPATH_SEARCH_PATHS = "$(inherited) @executable_path/Frameworks";
				PRODUCT_BUNDLE_IDENTIFIER = msq.SwiftMTGuard;
				PRODUCT_NAME = "$(TARGET_NAME)";
				SWIFT_VERSION = 3.0;
			};
			name = Release;
		};
		6782DBA91F6A767500C69B38 /* Debug */ = {
			isa = XCBuildConfiguration;
			buildSettings = {
				ALWAYS_EMBED_SWIFT_STANDARD_LIBRARIES = YES;
				BUNDLE_LOADER = "$(TEST_HOST)";
				INFOPLIST_FILE = SwiftMTGuardTests/Info.plist;
				LD_RUNPATH_SEARCH_PATHS = "$(inherited) @executable_path/Frameworks @loader_path/Frameworks";
				PRODUCT_BUNDLE_IDENTIFIER = msq.SwiftMTGuardTests;
				PRODUCT_NAME = "$(TARGET_NAME)";
				SWIFT_VERSION = 3.0;
				TEST_HOST = "$(BUILT_PRODUCTS_DIR)/SwiftMTGuard.app/SwiftMTGuard";
			};
			name = Debug;
		};
		6782DBAA1F6A767500C69B38 /* Release */ = {
			isa = XCBuildConfiguration;
			buildSettings = {
				ALWAYS_EMBED_SWIFT_STANDARD_LIBRARIES = YES;
				BUNDLE_LOADER = "$(TEST_HOST)";
				INFOPLIST_FILE = SwiftMTGuardTests/Info.plist;
				LD_RUNPATH_SEARCH_PATHS = "$(inherited) @executable_path/Frameworks @loader_path/Frameworks";
				PRODUCT_BUNDLE_IDENTIFIER = msq.SwiftMTGuardTests;
				PRODUCT_NAME = "$(TARGET_NAME)";
				SWIFT_VERSION = 3.0;
				TEST_HOST = "$(BUILT_PRODUCTS_DIR)/SwiftMTGuard.app/SwiftMTGuard";
			};
			name = Release;
		};
		6782DBAC1F6A767500C69B38 /* Debug */ = {
			isa = XCBuildConfiguration;
			buildSettings = {
				ALWAYS_EMBED_SWIFT_STANDARD_LIBRARIES = YES;
				INFOPLIST_FILE = SwiftMTGuardUITests/Info.plist;
				LD_RUNPATH_SEARCH_PATHS = "$(inherited) @executable_path/Frameworks @loader_path/Frameworks";
				PRODUCT_BUNDLE_IDENTIFIER = msq.SwiftMTGuardUITests;
				PRODUCT_NAME = "$(TARGET_NAME)";
				SWIFT_VERSION = 3.0;
				TEST_TARGET_NAME = SwiftMTGuard;
			};
			name = Debug;
		};
		6782DBAD1F6A767500C69B38 /* Release */ = {
			isa = XCBuildConfiguration;
			buildSettings = {
				ALWAYS_EMBED_SWIFT_STANDARD_LIBRARIES = YES;
				INFOPLIST_FILE = SwiftMTGuardUITests/Info.plist;
				LD_RUNPATH_SEARCH_PATHS = "$(inherited) @executable_path/Frameworks @loader_path/Frameworks";
				PRODUCT_BUNDLE_IDENTIFIER = msq.SwiftMTGuardUITests;
				PRODUCT_NAME = "$(TARGET_NAME)";
				SWIFT_VERSION = 3.0;
				TEST_TARGET_NAME = SwiftMTGuard;
			};
			name = Release;
		};
/* End XCBuildConfiguration section */

/* Begin XCConfigurationList section */
		6782DB781F6A767400C69B38 /* Build configuration list for PBXProject "SwiftMTGuard" */ = {
			isa = XCConfigurationList;
			buildConfigurations = (
				6782DBA31F6A767500C69B38 /* Debug */,
				6782DBA41F6A767500C69B38 /* Release */,
			);
			defaultConfigurationIsVisible = 0;
			defaultConfigurationName = Release;
		};
		6782DBA51F6A767500C69B38 /* Build configuration list for PBXNativeTarget "SwiftMTGuard" */ = {
			isa = XCConfigurationList;
			buildConfigurations = (
				6782DBA61F6A767500C69B38 /* Debug */,
				6782DBA71F6A767500C69B38 /* Release */,
			);
			defaultConfigurationIsVisible = 0;
		};
		6782DBA81F6A767500C69B38 /* Build configuration list for PBXNativeTarget "SwiftMTGuardTests" */ = {
			isa = XCConfigurationList;
			buildConfigurations = (
				6782DBA91F6A767500C69B38 /* Debug */,
				6782DBAA1F6A767500C69B38 /* Release */,
			);
			defaultConfigurationIsVisible = 0;
		};
		6782DBAB1F6A767500C69B38 /* Build configuration list for PBXNativeTarget "SwiftMTGuardUITests" */ = {
			isa = XCConfigurationList;
			buildConfigurations = (
				6782DBAC1F6A767500C69B38 /* Debug */,
				6782DBAD1F6A767500C69B38 /* Release */,
			);
			defaultConfigurationIsVisible = 0;
		};
/* End XCConfigurationList section */
	};
	rootObject = 6782DB751F6A767400C69B38 /* Project object */;
}
