// !$*UTF8*$!
{
	archiveVersion = 1;
	classes = {
	};
	objectVersion = 46;
	objects = {

/* Begin PBXBuildFile section */
		65044E511C8173060070047B /* MyAnnotation.swift in Sources */ = {isa = PBXBuildFile; fileRef = 65044E501C8173060070047B /* MyAnnotation.swift */; };
		65044E531C8185E00070047B /* MAMapKit.framework in Frameworks */ = {isa = PBXBuildFile; fileRef = 65044E521C8185E00070047B /* MAMapKit.framework */; };
		65044E551C8185EB0070047B /* AMap.bundle in Resources */ = {isa = PBXBuildFile; fileRef = 65044E541C8185EB0070047B /* AMap.bundle */; };
		655283921C803E0800002F52 /* UIKit.framework in Frameworks */ = {isa = PBXBuildFile; fileRef = 655283911C803E0800002F52 /* UIKit.framework */; };
		655283941C803E1200002F52 /* Foundation.framework in Frameworks */ = {isa = PBXBuildFile; fileRef = 655283931C803E1200002F52 /* Foundation.framework */; };
		655283961C803E2000002F52 /* CoreGraphics.framework in Frameworks */ = {isa = PBXBuildFile; fileRef = 655283951C803E2000002F52 /* CoreGraphics.framework */; };
		655283A81C80467E00002F52 /* SwiftTestView.swift in Sources */ = {isa = PBXBuildFile; fileRef = 655283A71C80467E00002F52 /* SwiftTestView.swift */; };
		655283AB1C8049C600002F52 /* ViewController.swift in Sources */ = {isa = PBXBuildFile; fileRef = 655283A91C8049C600002F52 /* ViewController.swift */; };
		655283AF1C804AA300002F52 /* RunningViewController.swift in Sources */ = {isa = PBXBuildFile; fileRef = 655283AD1C804AA300002F52 /* RunningViewController.swift */; };
		655283B01C804AA300002F52 /* RunningViewController.xib in Resources */ = {isa = PBXBuildFile; fileRef = 655283AE1C804AA300002F52 /* RunningViewController.xib */; };
		655283B41C804D1E00002F52 /* QuartzCore.framework in Frameworks */ = {isa = PBXBuildFile; fileRef = 655283B31C804D1E00002F52 /* QuartzCore.framework */; };
		655283B61C804D2A00002F52 /* CoreLocation.framework in Frameworks */ = {isa = PBXBuildFile; fileRef = 655283B51C804D2A00002F52 /* CoreLocation.framework */; };
		655283C31C80508100002F52 /* OpenGLES.framework in Frameworks */ = {isa = PBXBuildFile; fileRef = 655283C21C80508100002F52 /* OpenGLES.framework */; };
		655283C51C80509000002F52 /* CoreTelephony.framework in Frameworks */ = {isa = PBXBuildFile; fileRef = 655283C41C80509000002F52 /* CoreTelephony.framework */; };
		655283C71C80509E00002F52 /* SystemConfiguration.framework in Frameworks */ = {isa = PBXBuildFile; fileRef = 655283C61C80509E00002F52 /* SystemConfiguration.framework */; };
		655283CA1C8050BB00002F52 /* Security.framework in Frameworks */ = {isa = PBXBuildFile; fileRef = 655283C91C8050BB00002F52 /* Security.framework */; };
		655284431C80708D00002F52 /* libstdc++.6.0.9.tbd in Frameworks */ = {isa = PBXBuildFile; fileRef = 655284421C80708D00002F52 /* libstdc++.6.0.9.tbd */; };
		655284451C80709500002F52 /* libz.tbd in Frameworks */ = {isa = PBXBuildFile; fileRef = 655284441C80709500002F52 /* libz.tbd */; };
		65D0B58C1C5E24E200F2385E /* AppDelegate.swift in Sources */ = {isa = PBXBuildFile; fileRef = 65D0B58B1C5E24E200F2385E /* AppDelegate.swift */; };
		65D0B5911C5E24E200F2385E /* Main.storyboard in Resources */ = {isa = PBXBuildFile; fileRef = 65D0B58F1C5E24E200F2385E /* Main.storyboard */; };
		65D0B5931C5E24E200F2385E /* Assets.xcassets in Resources */ = {isa = PBXBuildFile; fileRef = 65D0B5921C5E24E200F2385E /* Assets.xcassets */; };
		65D0B5961C5E24E200F2385E /* LaunchScreen.storyboard in Resources */ = {isa = PBXBuildFile; fileRef = 65D0B5941C5E24E200F2385E /* LaunchScreen.storyboard */; };
		65D0B5A11C5E24E200F2385E /* MapPathTests.swift in Sources */ = {isa = PBXBuildFile; fileRef = 65D0B5A01C5E24E200F2385E /* MapPathTests.swift */; };
		65D0B5AC1C5E24E200F2385E /* MapPathUITests.swift in Sources */ = {isa = PBXBuildFile; fileRef = 65D0B5AB1C5E24E200F2385E /* MapPathUITests.swift */; };
/* End PBXBuildFile section */

/* Begin PBXContainerItemProxy section */
		65D0B59D1C5E24E200F2385E /* PBXContainerItemProxy */ = {
			isa = PBXContainerItemProxy;
			containerPortal = 65D0B5801C5E24E200F2385E /* Project object */;
			proxyType = 1;
			remoteGlobalIDString = 65D0B5871C5E24E200F2385E;
			remoteInfo = MapPath;
		};
		65D0B5A81C5E24E200F2385E /* PBXContainerItemProxy */ = {
			isa = PBXContainerItemProxy;
			containerPortal = 65D0B5801C5E24E200F2385E /* Project object */;
			proxyType = 1;
			remoteGlobalIDString = 65D0B5871C5E24E200F2385E;
			remoteInfo = MapPath;
		};
/* End PBXContainerItemProxy section */

/* Begin PBXFileReference section */
		65044E501C8173060070047B /* MyAnnotation.swift */ = {isa = PBXFileReference; fileEncoding = 4; lastKnownFileType = sourcecode.swift; path = MyAnnotation.swift; sourceTree = "<group>"; };
		65044E521C8185E00070047B /* MAMapKit.framework */ = {isa = PBXFileReference; lastKnownFileType = wrapper.framework; path = MAMapKit.framework; sourceTree = "<group>"; };
		65044E541C8185EB0070047B /* AMap.bundle */ = {isa = PBXFileReference; lastKnownFileType = "wrapper.plug-in"; name = AMap.bundle; path = MAMapKit.framework/Versions/3.2.0.163b642/Resources/AMap.bundle; sourceTree = "<group>"; };
		655283911C803E0800002F52 /* UIKit.framework */ = {isa = PBXFileReference; lastKnownFileType = wrapper.framework; name = UIKit.framework; path = System/Library/Frameworks/UIKit.framework; sourceTree = SDKROOT; };
		655283931C803E1200002F52 /* Foundation.framework */ = {isa = PBXFileReference; lastKnownFileType = wrapper.framework; name = Foundation.framework; path = System/Library/Frameworks/Foundation.framework; sourceTree = SDKROOT; };
		655283951C803E2000002F52 /* CoreGraphics.framework */ = {isa = PBXFileReference; lastKnownFileType = wrapper.framework; name = CoreGraphics.framework; path = System/Library/Frameworks/CoreGraphics.framework; sourceTree = SDKROOT; };
		655283A11C80404E00002F52 /* MapPath-Bridging-Header.h */ = {isa = PBXFileReference; lastKnownFileType = sourcecode.c.h; path = "MapPath-Bridging-Header.h"; sourceTree = "<group>"; };
		655283A71C80467E00002F52 /* SwiftTestView.swift */ = {isa = PBXFileReference; fileEncoding = 4; lastKnownFileType = sourcecode.swift; path = SwiftTestView.swift; sourceTree = "<group>"; };
		655283A91C8049C600002F52 /* ViewController.swift */ = {isa = PBXFileReference; fileEncoding = 4; lastKnownFileType = sourcecode.swift; path = ViewController.swift; sourceTree = "<group>"; };
		655283AD1C804AA300002F52 /* RunningViewController.swift */ = {isa = PBXFileReference; fileEncoding = 4; lastKnownFileType = sourcecode.swift; path = RunningViewController.swift; sourceTree = "<group>"; };
		655283AE1C804AA300002F52 /* RunningViewController.xib */ = {isa = PBXFileReference; fileEncoding = 4; lastKnownFileType = file.xib; path = RunningViewController.xib; sourceTree = "<group>"; };
		655283B31C804D1E00002F52 /* QuartzCore.framework */ = {isa = PBXFileReference; lastKnownFileType = wrapper.framework; name = QuartzCore.framework; path = System/Library/Frameworks/QuartzCore.framework; sourceTree = SDKROOT; };
		655283B51C804D2A00002F52 /* CoreLocation.framework */ = {isa = PBXFileReference; lastKnownFileType = wrapper.framework; name = CoreLocation.framework; path = System/Library/Frameworks/CoreLocation.framework; sourceTree = SDKROOT; };
		655283C21C80508100002F52 /* OpenGLES.framework */ = {isa = PBXFileReference; lastKnownFileType = wrapper.framework; name = OpenGLES.framework; path = System/Library/Frameworks/OpenGLES.framework; sourceTree = SDKROOT; };
		655283C41C80509000002F52 /* CoreTelephony.framework */ = {isa = PBXFileReference; lastKnownFileType = wrapper.framework; name = CoreTelephony.framework; path = System/Library/Frameworks/CoreTelephony.framework; sourceTree = SDKROOT; };
		655283C61C80509E00002F52 /* SystemConfiguration.framework */ = {isa = PBXFileReference; lastKnownFileType = wrapper.framework; name = SystemConfiguration.framework; path = System/Library/Frameworks/SystemConfiguration.framework; sourceTree = SDKROOT; };
		655283C91C8050BB00002F52 /* Security.framework */ = {isa = PBXFileReference; lastKnownFileType = wrapper.framework; name = Security.framework; path = System/Library/Frameworks/Security.framework; sourceTree = SDKROOT; };
		655284421C80708D00002F52 /* libstdc++.6.0.9.tbd */ = {isa = PBXFileReference; lastKnownFileType = "sourcecode.text-based-dylib-definition"; name = "libstdc++.6.0.9.tbd"; path = "usr/lib/libstdc++.6.0.9.tbd"; sourceTree = SDKROOT; };
		655284441C80709500002F52 /* libz.tbd */ = {isa = PBXFileReference; lastKnownFileType = "sourcecode.text-based-dylib-definition"; name = libz.tbd; path = usr/lib/libz.tbd; sourceTree = SDKROOT; };
		65D0B5881C5E24E200F2385E /* MapPath.app */ = {isa = PBXFileReference; explicitFileType = wrapper.application; includeInIndex = 0; path = MapPath.app; sourceTree = BUILT_PRODUCTS_DIR; };
		65D0B58B1C5E24E200F2385E /* AppDelegate.swift */ = {isa = PBXFileReference; lastKnownFileType = sourcecode.swift; path = AppDelegate.swift; sourceTree = "<group>"; };
		65D0B5901C5E24E200F2385E /* Base */ = {isa = PBXFileReference; lastKnownFileType = file.storyboard; name = Base; path = Base.lproj/Main.storyboard; sourceTree = "<group>"; };
		65D0B5921C5E24E200F2385E /* Assets.xcassets */ = {isa = PBXFileReference; lastKnownFileType = folder.assetcatalog; path = Assets.xcassets; sourceTree = "<group>"; };
		65D0B5951C5E24E200F2385E /* Base */ = {isa = PBXFileReference; lastKnownFileType = file.storyboard; name = Base; path = Base.lproj/LaunchScreen.storyboard; sourceTree = "<group>"; };
		65D0B5971C5E24E200F2385E /* Info.plist */ = {isa = PBXFileReference; lastKnownFileType = text.plist.xml; path = Info.plist; sourceTree = "<group>"; };
		65D0B59C1C5E24E200F2385E /* MapPathTests.xctest */ = {isa = PBXFileReference; explicitFileType = wrapper.cfbundle; includeInIndex = 0; path = MapPathTests.xctest; sourceTree = BUILT_PRODUCTS_DIR; };
		65D0B5A01C5E24E200F2385E /* MapPathTests.swift */ = {isa = PBXFileReference; lastKnownFileType = sourcecode.swift; path = MapPathTests.swift; sourceTree = "<group>"; };
		65D0B5A21C5E24E200F2385E /* Info.plist */ = {isa = PBXFileReference; lastKnownFileType = text.plist.xml; path = Info.plist; sourceTree = "<group>"; };
		65D0B5A71C5E24E200F2385E /* MapPathUITests.xctest */ = {isa = PBXFileReference; explicitFileType = wrapper.cfbundle; includeInIndex = 0; path = MapPathUITests.xctest; sourceTree = BUILT_PRODUCTS_DIR; };
		65D0B5AB1C5E24E200F2385E /* MapPathUITests.swift */ = {isa = PBXFileReference; lastKnownFileType = sourcecode.swift; path = MapPathUITests.swift; sourceTree = "<group>"; };
		65D0B5AD1C5E24E200F2385E /* Info.plist */ = {isa = PBXFileReference; lastKnownFileType = text.plist.xml; path = Info.plist; sourceTree = "<group>"; };
/* End PBXFileReference section */

/* Begin PBXFrameworksBuildPhase section */
		65D0B5851C5E24E200F2385E /* Frameworks */ = {
			isa = PBXFrameworksBuildPhase;
			buildActionMask = 2147483647;
			files = (
				65044E531C8185E00070047B /* MAMapKit.framework in Frameworks */,
				655284451C80709500002F52 /* libz.tbd in Frameworks */,
				655284431C80708D00002F52 /* libstdc++.6.0.9.tbd in Frameworks */,
				655283CA1C8050BB00002F52 /* Security.framework in Frameworks */,
				655283C71C80509E00002F52 /* SystemConfiguration.framework in Frameworks */,
				655283C51C80509000002F52 /* CoreTelephony.framework in Frameworks */,
				655283C31C80508100002F52 /* OpenGLES.framework in Frameworks */,
				655283B61C804D2A00002F52 /* CoreLocation.framework in Frameworks */,
				655283B41C804D1E00002F52 /* QuartzCore.framework in Frameworks */,
				655283961C803E2000002F52 /* CoreGraphics.framework in Frameworks */,
				655283941C803E1200002F52 /* Foundation.framework in Frameworks */,
				655283921C803E0800002F52 /* UIKit.framework in Frameworks */,
			);
			runOnlyForDeploymentPostprocessing = 0;
		};
		65D0B5991C5E24E200F2385E /* Frameworks */ = {
			isa = PBXFrameworksBuildPhase;
			buildActionMask = 2147483647;
			files = (
			);
			runOnlyForDeploymentPostprocessing = 0;
		};
		65D0B5A41C5E24E200F2385E /* Frameworks */ = {
			isa = PBXFrameworksBuildPhase;
			buildActionMask = 2147483647;
			files = (
			);
			runOnlyForDeploymentPostprocessing = 0;
		};
/* End PBXFrameworksBuildPhase section */

/* Begin PBXGroup section */
		65D0B57F1C5E24E200F2385E = {
			isa = PBXGroup;
			children = (
				65044E541C8185EB0070047B /* AMap.bundle */,
				65044E521C8185E00070047B /* MAMapKit.framework */,
				655284441C80709500002F52 /* libz.tbd */,
				655284421C80708D00002F52 /* libstdc++.6.0.9.tbd */,
				655283C91C8050BB00002F52 /* Security.framework */,
				655283C61C80509E00002F52 /* SystemConfiguration.framework */,
				655283C41C80509000002F52 /* CoreTelephony.framework */,
				655283C21C80508100002F52 /* OpenGLES.framework */,
				655283B51C804D2A00002F52 /* CoreLocation.framework */,
				655283B31C804D1E00002F52 /* QuartzCore.framework */,
				655283951C803E2000002F52 /* CoreGraphics.framework */,
				655283931C803E1200002F52 /* Foundation.framework */,
				655283911C803E0800002F52 /* UIKit.framework */,
				65D0B58A1C5E24E200F2385E /* MapPath */,
				65D0B59F1C5E24E200F2385E /* MapPathTests */,
				65D0B5AA1C5E24E200F2385E /* MapPathUITests */,
				65D0B5891C5E24E200F2385E /* Products */,
			);
			sourceTree = "<group>";
		};
		65D0B5891C5E24E200F2385E /* Products */ = {
			isa = PBXGroup;
			children = (
				65D0B5881C5E24E200F2385E /* MapPath.app */,
				65D0B59C1C5E24E200F2385E /* MapPathTests.xctest */,
				65D0B5A71C5E24E200F2385E /* MapPathUITests.xctest */,
			);
			name = Products;
			sourceTree = "<group>";
		};
		65D0B58A1C5E24E200F2385E /* MapPath */ = {
			isa = PBXGroup;
			children = (
				65D0B58B1C5E24E200F2385E /* AppDelegate.swift */,
				65D0B58F1C5E24E200F2385E /* Main.storyboard */,
				65D0B5921C5E24E200F2385E /* Assets.xcassets */,
				65D0B5941C5E24E200F2385E /* LaunchScreen.storyboard */,
				65D0B5971C5E24E200F2385E /* Info.plist */,
				655283A11C80404E00002F52 /* MapPath-Bridging-Header.h */,
				655283A71C80467E00002F52 /* SwiftTestView.swift */,
				655283A91C8049C600002F52 /* ViewController.swift */,
				655283AD1C804AA300002F52 /* RunningViewController.swift */,
				655283AE1C804AA300002F52 /* RunningViewController.xib */,
				65044E501C8173060070047B /* MyAnnotation.swift */,
			);
			path = MapPath;
			sourceTree = "<group>";
		};
		65D0B59F1C5E24E200F2385E /* MapPathTests */ = {
			isa = PBXGroup;
			children = (
				65D0B5A01C5E24E200F2385E /* MapPathTests.swift */,
				65D0B5A21C5E24E200F2385E /* Info.plist */,
			);
			path = MapPathTests;
			sourceTree = "<group>";
		};
		65D0B5AA1C5E24E200F2385E /* MapPathUITests */ = {
			isa = PBXGroup;
			children = (
				65D0B5AB1C5E24E200F2385E /* MapPathUITests.swift */,
				65D0B5AD1C5E24E200F2385E /* Info.plist */,
			);
			path = MapPathUITests;
			sourceTree = "<group>";
		};
/* End PBXGroup section */

/* Begin PBXNativeTarget section */
		65D0B5871C5E24E200F2385E /* MapPath */ = {
			isa = PBXNativeTarget;
			buildConfigurationList = 65D0B5B01C5E24E200F2385E /* Build configuration list for PBXNativeTarget "MapPath" */;
			buildPhases = (
				65D0B5841C5E24E200F2385E /* Sources */,
				65D0B5851C5E24E200F2385E /* Frameworks */,
				65D0B5861C5E24E200F2385E /* Resources */,
			);
			buildRules = (
			);
			dependencies = (
			);
			name = MapPath;
			productName = MapPath;
			productReference = 65D0B5881C5E24E200F2385E /* MapPath.app */;
			productType = "com.apple.product-type.application";
		};
		65D0B59B1C5E24E200F2385E /* MapPathTests */ = {
			isa = PBXNativeTarget;
			buildConfigurationList = 65D0B5B31C5E24E200F2385E /* Build configuration list for PBXNativeTarget "MapPathTests" */;
			buildPhases = (
				65D0B5981C5E24E200F2385E /* Sources */,
				65D0B5991C5E24E200F2385E /* Frameworks */,
				65D0B59A1C5E24E200F2385E /* Resources */,
			);
			buildRules = (
			);
			dependencies = (
				65D0B59E1C5E24E200F2385E /* PBXTargetDependency */,
			);
			name = MapPathTests;
			productName = MapPathTests;
			productReference = 65D0B59C1C5E24E200F2385E /* MapPathTests.xctest */;
			productType = "com.apple.product-type.bundle.unit-test";
		};
		65D0B5A61C5E24E200F2385E /* MapPathUITests */ = {
			isa = PBXNativeTarget;
			buildConfigurationList = 65D0B5B61C5E24E200F2385E /* Build configuration list for PBXNativeTarget "MapPathUITests" */;
			buildPhases = (
				65D0B5A31C5E24E200F2385E /* Sources */,
				65D0B5A41C5E24E200F2385E /* Frameworks */,
				65D0B5A51C5E24E200F2385E /* Resources */,
			);
			buildRules = (
			);
			dependencies = (
				65D0B5A91C5E24E200F2385E /* PBXTargetDependency */,
			);
			name = MapPathUITests;
			productName = MapPathUITests;
			productReference = 65D0B5A71C5E24E200F2385E /* MapPathUITests.xctest */;
			productType = "com.apple.product-type.bundle.ui-testing";
		};
/* End PBXNativeTarget section */

/* Begin PBXProject section */
		65D0B5801C5E24E200F2385E /* Project object */ = {
			isa = PBXProject;
			attributes = {
				LastSwiftUpdateCheck = 0720;
				LastUpgradeCheck = 0720;
				ORGANIZATIONNAME = msq;
				TargetAttributes = {
					65D0B5871C5E24E200F2385E = {
						CreatedOnToolsVersion = 7.2;
					};
					65D0B59B1C5E24E200F2385E = {
						CreatedOnToolsVersion = 7.2;
						TestTargetID = 65D0B5871C5E24E200F2385E;
					};
					65D0B5A61C5E24E200F2385E = {
						CreatedOnToolsVersion = 7.2;
						TestTargetID = 65D0B5871C5E24E200F2385E;
					};
				};
			};
			buildConfigurationList = 65D0B5831C5E24E200F2385E /* Build configuration list for PBXProject "MapPath" */;
			compatibilityVersion = "Xcode 3.2";
			developmentRegion = English;
			hasScannedForEncodings = 0;
			knownRegions = (
				en,
				Base,
			);
			mainGroup = 65D0B57F1C5E24E200F2385E;
			productRefGroup = 65D0B5891C5E24E200F2385E /* Products */;
			projectDirPath = "";
			projectRoot = "";
			targets = (
				65D0B5871C5E24E200F2385E /* MapPath */,
				65D0B59B1C5E24E200F2385E /* MapPathTests */,
				65D0B5A61C5E24E200F2385E /* MapPathUITests */,
			);
		};
/* End PBXProject section */

/* Begin PBXResourcesBuildPhase section */
		65D0B5861C5E24E200F2385E /* Resources */ = {
			isa = PBXResourcesBuildPhase;
			buildActionMask = 2147483647;
			files = (
				65044E551C8185EB0070047B /* AMap.bundle in Resources */,
				655283B01C804AA300002F52 /* RunningViewController.xib in Resources */,
				65D0B5961C5E24E200F2385E /* LaunchScreen.storyboard in Resources */,
				65D0B5931C5E24E200F2385E /* Assets.xcassets in Resources */,
				65D0B5911C5E24E200F2385E /* Main.storyboard in Resources */,
			);
			runOnlyForDeploymentPostprocessing = 0;
		};
		65D0B59A1C5E24E200F2385E /* Resources */ = {
			isa = PBXResourcesBuildPhase;
			buildActionMask = 2147483647;
			files = (
			);
			runOnlyForDeploymentPostprocessing = 0;
		};
		65D0B5A51C5E24E200F2385E /* Resources */ = {
			isa = PBXResourcesBuildPhase;
			buildActionMask = 2147483647;
			files = (
			);
			runOnlyForDeploymentPostprocessing = 0;
		};
/* End PBXResourcesBuildPhase section */

/* Begin PBXSourcesBuildPhase section */
		65D0B5841C5E24E200F2385E /* Sources */ = {
			isa = PBXSourcesBuildPhase;
			buildActionMask = 2147483647;
			files = (
				655283A81C80467E00002F52 /* SwiftTestView.swift in Sources */,
				655283AB1C8049C600002F52 /* ViewController.swift in Sources */,
				65044E511C8173060070047B /* MyAnnotation.swift in Sources */,
				655283AF1C804AA300002F52 /* RunningViewController.swift in Sources */,
				65D0B58C1C5E24E200F2385E /* AppDelegate.swift in Sources */,
			);
			runOnlyForDeploymentPostprocessing = 0;
		};
		65D0B5981C5E24E200F2385E /* Sources */ = {
			isa = PBXSourcesBuildPhase;
			buildActionMask = 2147483647;
			files = (
				65D0B5A11C5E24E200F2385E /* MapPathTests.swift in Sources */,
			);
			runOnlyForDeploymentPostprocessing = 0;
		};
		65D0B5A31C5E24E200F2385E /* Sources */ = {
			isa = PBXSourcesBuildPhase;
			buildActionMask = 2147483647;
			files = (
				65D0B5AC1C5E24E200F2385E /* MapPathUITests.swift in Sources */,
			);
			runOnlyForDeploymentPostprocessing = 0;
		};
/* End PBXSourcesBuildPhase section */

/* Begin PBXTargetDependency section */
		65D0B59E1C5E24E200F2385E /* PBXTargetDependency */ = {
			isa = PBXTargetDependency;
			target = 65D0B5871C5E24E200F2385E /* MapPath */;
			targetProxy = 65D0B59D1C5E24E200F2385E /* PBXContainerItemProxy */;
		};
		65D0B5A91C5E24E200F2385E /* PBXTargetDependency */ = {
			isa = PBXTargetDependency;
			target = 65D0B5871C5E24E200F2385E /* MapPath */;
			targetProxy = 65D0B5A81C5E24E200F2385E /* PBXContainerItemProxy */;
		};
/* End PBXTargetDependency section */

/* Begin PBXVariantGroup section */
		65D0B58F1C5E24E200F2385E /* Main.storyboard */ = {
			isa = PBXVariantGroup;
			children = (
				65D0B5901C5E24E200F2385E /* Base */,
			);
			name = Main.storyboard;
			sourceTree = "<group>";
		};
		65D0B5941C5E24E200F2385E /* LaunchScreen.storyboard */ = {
			isa = PBXVariantGroup;
			children = (
				65D0B5951C5E24E200F2385E /* Base */,
			);
			name = LaunchScreen.storyboard;
			sourceTree = "<group>";
		};
/* End PBXVariantGroup section */

/* Begin XCBuildConfiguration section */
		65D0B5AE1C5E24E200F2385E /* Debug */ = {
			isa = XCBuildConfiguration;
			buildSettings = {
				ALWAYS_SEARCH_USER_PATHS = NO;
				CLANG_CXX_LANGUAGE_STANDARD = "gnu++0x";
				CLANG_CXX_LIBRARY = "libc++";
				CLANG_ENABLE_MODULES = YES;
				CLANG_ENABLE_OBJC_ARC = YES;
				CLANG_WARN_BOOL_CONVERSION = YES;
				CLANG_WARN_CONSTANT_CONVERSION = YES;
				CLANG_WARN_DIRECT_OBJC_ISA_USAGE = YES_ERROR;
				CLANG_WARN_EMPTY_BODY = YES;
				CLANG_WARN_ENUM_CONVERSION = YES;
				CLANG_WARN_INT_CONVERSION = YES;
				CLANG_WARN_OBJC_ROOT_CLASS = YES_ERROR;
				CLANG_WARN_UNREACHABLE_CODE = YES;
				CLANG_WARN__DUPLICATE_METHOD_MATCH = YES;
				"CODE_SIGN_IDENTITY[sdk=iphoneos*]" = "iPhone Developer";
				COPY_PHASE_STRIP = NO;
				DEBUG_INFORMATION_FORMAT = dwarf;
				ENABLE_STRICT_OBJC_MSGSEND = YES;
				ENABLE_TESTABILITY = YES;
				GCC_C_LANGUAGE_STANDARD = gnu99;
				GCC_DYNAMIC_NO_PIC = NO;
				GCC_NO_COMMON_BLOCKS = YES;
				GCC_OPTIMIZATION_LEVEL = 0;
				GCC_PREPROCESSOR_DEFINITIONS = (
					"DEBUG=1",
					"$(inherited)",
				);
				GCC_WARN_64_TO_32_BIT_CONVERSION = YES;
				GCC_WARN_ABOUT_RETURN_TYPE = YES_ERROR;
				GCC_WARN_UNDECLARED_SELECTOR = YES;
				GCC_WARN_UNINITIALIZED_AUTOS = YES_AGGRESSIVE;
				GCC_WARN_UNUSED_FUNCTION = YES;
				GCC_WARN_UNUSED_VARIABLE = YES;
				IPHONEOS_DEPLOYMENT_TARGET = 9.2;
				MTL_ENABLE_DEBUG_INFO = YES;
				ONLY_ACTIVE_ARCH = YES;
				SDKROOT = iphoneos;
				SWIFT_OPTIMIZATION_LEVEL = "-Onone";
			};
			name = Debug;
		};
		65D0B5AF1C5E24E200F2385E /* Release */ = {
			isa = XCBuildConfiguration;
			buildSettings = {
				ALWAYS_SEARCH_USER_PATHS = NO;
				CLANG_CXX_LANGUAGE_STANDARD = "gnu++0x";
				CLANG_CXX_LIBRARY = "libc++";
				CLANG_ENABLE_MODULES = YES;
				CLANG_ENABLE_OBJC_ARC = YES;
				CLANG_WARN_BOOL_CONVERSION = YES;
				CLANG_WARN_CONSTANT_CONVERSION = YES;
				CLANG_WARN_DIRECT_OBJC_ISA_USAGE = YES_ERROR;
				CLANG_WARN_EMPTY_BODY = YES;
				CLANG_WARN_ENUM_CONVERSION = YES;
				CLANG_WARN_INT_CONVERSION = YES;
				CLANG_WARN_OBJC_ROOT_CLASS = YES_ERROR;
				CLANG_WARN_UNREACHABLE_CODE = YES;
				CLANG_WARN__DUPLICATE_METHOD_MATCH = YES;
				"CODE_SIGN_IDENTITY[sdk=iphoneos*]" = "iPhone Developer";
				COPY_PHASE_STRIP = NO;
				DEBUG_INFORMATION_FORMAT = "dwarf-with-dsym";
				ENABLE_NS_ASSERTIONS = NO;
				ENABLE_STRICT_OBJC_MSGSEND = YES;
				GCC_C_LANGUAGE_STANDARD = gnu99;
				GCC_NO_COMMON_BLOCKS = YES;
				GCC_WARN_64_TO_32_BIT_CONVERSION = YES;
				GCC_WARN_ABOUT_RETURN_TYPE = YES_ERROR;
				GCC_WARN_UNDECLARED_SELECTOR = YES;
				GCC_WARN_UNINITIALIZED_AUTOS = YES_AGGRESSIVE;
				GCC_WARN_UNUSED_FUNCTION = YES;
				GCC_WARN_UNUSED_VARIABLE = YES;
				IPHONEOS_DEPLOYMENT_TARGET = 9.2;
				MTL_ENABLE_DEBUG_INFO = NO;
				SDKROOT = iphoneos;
				VALIDATE_PRODUCT = YES;
			};
			name = Release;
		};
		65D0B5B11C5E24E200F2385E /* Debug */ = {
			isa = XCBuildConfiguration;
			buildSettings = {
				ASSETCATALOG_COMPILER_APPICON_NAME = AppIcon;
				CLANG_ENABLE_MODULES = YES;
				FRAMEWORK_SEARCH_PATHS = (
					"$(inherited)",
					"$(PROJECT_DIR)",
				);
				INFOPLIST_FILE = MapPath/Info.plist;
				IPHONEOS_DEPLOYMENT_TARGET = 8.0;
				LD_RUNPATH_SEARCH_PATHS = "$(inherited) @executable_path/Frameworks";
				PRODUCT_BUNDLE_IDENTIFIER = com.yspaobu;
				PRODUCT_NAME = "$(TARGET_NAME)";
				SWIFT_OBJC_BRIDGING_HEADER = "MapPath/MapPath-Bridging-Header.h";
				SWIFT_OPTIMIZATION_LEVEL = "-Onone";
			};
			name = Debug;
		};
		65D0B5B21C5E24E200F2385E /* Release */ = {
			isa = XCBuildConfiguration;
			buildSettings = {
				ASSETCATALOG_COMPILER_APPICON_NAME = AppIcon;
				CLANG_ENABLE_MODULES = YES;
				FRAMEWORK_SEARCH_PATHS = (
					"$(inherited)",
					"$(PROJECT_DIR)",
				);
				INFOPLIST_FILE = MapPath/Info.plist;
				IPHONEOS_DEPLOYMENT_TARGET = 8.0;
				LD_RUNPATH_SEARCH_PATHS = "$(inherited) @executable_path/Frameworks";
				PRODUCT_BUNDLE_IDENTIFIER = com.yspaobu;
				PRODUCT_NAME = "$(TARGET_NAME)";
				SWIFT_OBJC_BRIDGING_HEADER = "MapPath/MapPath-Bridging-Header.h";
			};
			name = Release;
		};
		65D0B5B41C5E24E200F2385E /* Debug */ = {
			isa = XCBuildConfiguration;
			buildSettings = {
				BUNDLE_LOADER = "$(TEST_HOST)";
				INFOPLIST_FILE = MapPathTests/Info.plist;
				LD_RUNPATH_SEARCH_PATHS = "$(inherited) @executable_path/Frameworks @loader_path/Frameworks";
				PRODUCT_BUNDLE_IDENTIFIER = msq.MapPathTests;
				PRODUCT_NAME = "$(TARGET_NAME)";
				TEST_HOST = "$(BUILT_PRODUCTS_DIR)/MapPath.app/MapPath";
			};
			name = Debug;
		};
		65D0B5B51C5E24E200F2385E /* Release */ = {
			isa = XCBuildConfiguration;
			buildSettings = {
				BUNDLE_LOADER = "$(TEST_HOST)";
				INFOPLIST_FILE = MapPathTests/Info.plist;
				LD_RUNPATH_SEARCH_PATHS = "$(inherited) @executable_path/Frameworks @loader_path/Frameworks";
				PRODUCT_BUNDLE_IDENTIFIER = msq.MapPathTests;
				PRODUCT_NAME = "$(TARGET_NAME)";
				TEST_HOST = "$(BUILT_PRODUCTS_DIR)/MapPath.app/MapPath";
			};
			name = Release;
		};
		65D0B5B71C5E24E200F2385E /* Debug */ = {
			isa = XCBuildConfiguration;
			buildSettings = {
				INFOPLIST_FILE = MapPathUITests/Info.plist;
				LD_RUNPATH_SEARCH_PATHS = "$(inherited) @executable_path/Frameworks @loader_path/Frameworks";
				PRODUCT_BUNDLE_IDENTIFIER = msq.MapPathUITests;
				PRODUCT_NAME = "$(TARGET_NAME)";
				TEST_TARGET_NAME = MapPath;
				USES_XCTRUNNER = YES;
			};
			name = Debug;
		};
		65D0B5B81C5E24E200F2385E /* Release */ = {
			isa = XCBuildConfiguration;
			buildSettings = {
				INFOPLIST_FILE = MapPathUITests/Info.plist;
				LD_RUNPATH_SEARCH_PATHS = "$(inherited) @executable_path/Frameworks @loader_path/Frameworks";
				PRODUCT_BUNDLE_IDENTIFIER = msq.MapPathUITests;
				PRODUCT_NAME = "$(TARGET_NAME)";
				TEST_TARGET_NAME = MapPath;
				USES_XCTRUNNER = YES;
			};
			name = Release;
		};
/* End XCBuildConfiguration section */

/* Begin XCConfigurationList section */
		65D0B5831C5E24E200F2385E /* Build configuration list for PBXProject "MapPath" */ = {
			isa = XCConfigurationList;
			buildConfigurations = (
				65D0B5AE1C5E24E200F2385E /* Debug */,
				65D0B5AF1C5E24E200F2385E /* Release */,
			);
			defaultConfigurationIsVisible = 0;
			defaultConfigurationName = Release;
		};
		65D0B5B01C5E24E200F2385E /* Build configuration list for PBXNativeTarget "MapPath" */ = {
			isa = XCConfigurationList;
			buildConfigurations = (
				65D0B5B11C5E24E200F2385E /* Debug */,
				65D0B5B21C5E24E200F2385E /* Release */,
			);
			defaultConfigurationIsVisible = 0;
			defaultConfigurationName = Release;
		};
		65D0B5B31C5E24E200F2385E /* Build configuration list for PBXNativeTarget "MapPathTests" */ = {
			isa = XCConfigurationList;
			buildConfigurations = (
				65D0B5B41C5E24E200F2385E /* Debug */,
				65D0B5B51C5E24E200F2385E /* Release */,
			);
			defaultConfigurationIsVisible = 0;
			defaultConfigurationName = Release;
		};
		65D0B5B61C5E24E200F2385E /* Build configuration list for PBXNativeTarget "MapPathUITests" */ = {
			isa = XCConfigurationList;
			buildConfigurations = (
				65D0B5B71C5E24E200F2385E /* Debug */,
				65D0B5B81C5E24E200F2385E /* Release */,
			);
			defaultConfigurationIsVisible = 0;
			defaultConfigurationName = Release;
		};
/* End XCConfigurationList section */
	};
	rootObject = 65D0B5801C5E24E200F2385E /* Project object */;
}
